
Microsoft Visual Studio Solution File, Format Version 12.00
# Visual Studio Version 16
VisualStudioVersion = 16.0.31424.327
MinimumVisualStudioVersion = 10.0.40219.1
Project("{9A19103F-16F7-4668-BE54-9A1E7A4F7556}") = "TheReadingClub", "TheReadingClub\TheReadingClub.csproj", "{2207AD77-2E2C-43AD-881D-538600FF0FA1}"
EndProject
Project("{FAE04EC0-301F-11D3-BF4B-00C04F79EFBC}") = "TheReadingClub.Tests", "TheReadingClub.Tests\TheReadingClub.Tests.csproj", "{81AFFDC4-D842-4482-8299-2FC1350EEC46}"
EndProject
Global
	GlobalSection(SolutionConfigurationPlatforms) = preSolution
		Debug|Any CPU = Debug|Any CPU
		Release|Any CPU = Release|Any CPU
	EndGlobalSection
	GlobalSection(ProjectConfigurationPlatforms) = postSolution
		{2207AD77-2E2C-43AD-881D-538600FF0FA1}.Debug|Any CPU.ActiveCfg = Debug|Any CPU
		{2207AD77-2E2C-43AD-881D-538600FF0FA1}.Debug|Any CPU.Build.0 = Debug|Any CPU
		{2207AD77-2E2C-43AD-881D-538600FF0FA1}.Release|Any CPU.ActiveCfg = Release|Any CPU
		{2207AD77-2E2C-43AD-881D-538600FF0FA1}.Release|Any CPU.Build.0 = Release|Any CPU
		{81AFFDC4-D842-4482-8299-2FC1350EEC46}.Debug|Any CPU.ActiveCfg = Debug|Any CPU
		{81AFFDC4-D842-4482-8299-2FC1350EEC46}.Debug|Any CPU.Build.0 = Debug|Any CPU
		{81AFFDC4-D842-4482-8299-2FC1350EEC46}.Release|Any CPU.ActiveCfg = Release|Any CPU
		{81AFFDC4-D842-4482-8299-2FC1350EEC46}.Release|Any CPU.Build.0 = Release|Any CPU
	EndGlobalSection
	GlobalSection(SolutionProperties) = preSolution
		HideSolutionNode = FALSE
	EndGlobalSection
	GlobalSection(ExtensibilityGlobals) = postSolution
		SolutionGuid = {34144D4B-8E7C-4B8B-9EA3-B3C3F313BAA7}
	EndGlobalSection
EndGlobal
